
Microsoft Visual Studio Solution File, Format Version 12.00
# Visual Studio Version 16
VisualStudioVersion = 16.0.30413.136
MinimumVisualStudioVersion = 10.0.40219.1
Project("{FAE04EC0-301F-11D3-BF4B-00C04F79EFBC}") = "TP1 - Drop Dead", "TP1 - Drop Dead\TP1 - Drop Dead.csproj", "{BC02F43D-68B6-40C4-A24F-6916A0AE04EF}"
EndProject
Project("{FAE04EC0-301F-11D3-BF4B-00C04F79EFBC}") = "DropDead.Tests", "DropDead.Tests\DropDead.Tests.csproj", "{4249CE90-891C-4704-A78D-B41291768300}"
EndProject
Global
	GlobalSection(SolutionConfigurationPlatforms) = preSolution
		Debug|Any CPU = Debug|Any CPU
		Release|Any CPU = Release|Any CPU
	EndGlobalSection
	GlobalSection(ProjectConfigurationPlatforms) = postSolution
		{BC02F43D-68B6-40C4-A24F-6916A0AE04EF}.Debug|Any CPU.ActiveCfg = Debug|Any CPU
		{BC02F43D-68B6-40C4-A24F-6916A0AE04EF}.Debug|Any CPU.Build.0 = Debug|Any CPU
		{BC02F43D-68B6-40C4-A24F-6916A0AE04EF}.Release|Any CPU.ActiveCfg = Release|Any CPU
		{BC02F43D-68B6-40C4-A24F-6916A0AE04EF}.Release|Any CPU.Build.0 = Release|Any CPU
		{4249CE90-891C-4704-A78D-B41291768300}.Debug|Any CPU.ActiveCfg = Debug|Any CPU
		{4249CE90-891C-4704-A78D-B41291768300}.Debug|Any CPU.Build.0 = Debug|Any CPU
		{4249CE90-891C-4704-A78D-B41291768300}.Release|Any CPU.ActiveCfg = Release|Any CPU
		{4249CE90-891C-4704-A78D-B41291768300}.Release|Any CPU.Build.0 = Release|Any CPU
	EndGlobalSection
	GlobalSection(SolutionProperties) = preSolution
		HideSolutionNode = FALSE
	EndGlobalSection
	GlobalSection(ExtensibilityGlobals) = postSolution
		SolutionGuid = {A67CF46C-184F-4A6A-9AEA-9C7982D99AF4}
	EndGlobalSection
EndGlobal
